
Microsoft Visual Studio Solution File, Format Version 12.00
# Visual Studio Version 17
VisualStudioVersion = 17.3.32825.248
MinimumVisualStudioVersion = 10.0.40219.1
Project("{9A19103F-16F7-4668-BE54-9A1E7A4F7556}") = "MyStore", "MyStore\MyStore.csproj", "{23B1CFE3-2ADB-4B7C-A035-91B86E360B11}"
EndProject
Global
	GlobalSection(SolutionConfigurationPlatforms) = preSolution
		Debug|Any CPU = Debug|Any CPU
		Release|Any CPU = Release|Any CPU
	EndGlobalSection
	GlobalSection(ProjectConfigurationPlatforms) = postSolution
		{23B1CFE3-2ADB-4B7C-A035-91B86E360B11}.Debug|Any CPU.ActiveCfg = Debug|Any CPU
		{23B1CFE3-2ADB-4B7C-A035-91B86E360B11}.Debug|Any CPU.Build.0 = Debug|Any CPU
		{23B1CFE3-2ADB-4B7C-A035-91B86E360B11}.Release|Any CPU.ActiveCfg = Release|Any CPU
		{23B1CFE3-2ADB-4B7C-A035-91B86E360B11}.Release|Any CPU.Build.0 = Release|Any CPU
	EndGlobalSection
	GlobalSection(SolutionProperties) = preSolution
		HideSolutionNode = FALSE
	EndGlobalSection
	GlobalSection(ExtensibilityGlobals) = postSolution
		SolutionGuid = {E25746B3-6597-4E43-A5D0-792831F17FAE}
	EndGlobalSection
EndGlobal
